<?xml version="1.0" encoding="utf-8"?>
<Project ToolsVersion="4.0" xmlns="http://schemas.microsoft.com/developer/msbuild/2003">
  <ItemGroup>
    <Filter Include="Source Files">
      <UniqueIdentifier>{4FC737F1-C7A5-4376-A066-2A32D752A2FF}</UniqueIdentifier>
      <Extensions>cpp;c;cc;cxx;def;odl;idl;hpj;bat;asm;asmx</Extensions>
    </Filter>
    <Filter Include="Header Files">
      <UniqueIdentifier>{93995380-89BD-4b04-88EB-625FBE52EBFB}</UniqueIdentifier>
      <Extensions>h;hh;hpp;hxx;hm;inl;inc;xsd</Extensions>
    </Filter>
    <Filter Include="Resource Files">
      <UniqueIdentifier>{67DA6AB6-F800-4c08-8B7A-83BB121AAD01}</UniqueIdentifier>
      <Extensions>rc;ico;cur;bmp;dlg;rc2;rct;bin;rgs;gif;jpg;jpeg;jpe;resx;tiff;tif;png;wav;mfcribbon-ms</Extensions>
    </Filter>
    <Filter Include="Source Files\CustomMesh">
      <UniqueIdentifier>{92a41edc-9e3a-4917-b746-4b27af491ad9}</UniqueIdentifier>
    </Filter>
    <Filter Include="Source Files\Collada">
      <UniqueIdentifier>{7a59b8f8-7bb3-4420-a392-96fb23792e9e}</UniqueIdentifier>
    </Filter>
    <Filter Include="Source Files\Load">
      <UniqueIdentifier>{b0516a1f-497f-4fbc-8aee-51887a56eabf}</UniqueIdentifier>
    </Filter>
    <Filter Include="Source Files\Save">
      <UniqueIdentifier>{932b7515-0bf6-42ee-818b-523906c01e39}</UniqueIdentifier>
    </Filter>
  </ItemGroup>
  <ItemGroup>
    <ClCompile Include="ObjLoader.cpp">
      <Filter>Source Files</Filter>
    </ClCompile>
    <ClCompile Include="FileLoader.cpp">
      <Filter>Source Files</Filter>
    </ClCompile>
    <ClCompile Include="ModelStructs.cpp">
      <Filter>Source Files</Filter>
    </ClCompile>
    <ClCompile Include="ModelLoader.cpp">
      <Filter>Source Files</Filter>
    </ClCompile>
    <ClCompile Include="Collada\ColladaLoader.cpp">
      <Filter>Source Files\Collada</Filter>
    </ClCompile>
    <ClCompile Include="Tinyxml.cpp">
      <Filter>Source Files</Filter>
    </ClCompile>
    <ClCompile Include="TextureLoader.cpp">
      <Filter>Source Files</Filter>
    </ClCompile>
    <ClCompile Include="Save\MeshWriter.cpp">
      <Filter>Source Files</Filter>
    </ClCompile>
    <ClCompile Include="Load\MeshReader.cpp">
      <Filter>Source Files</Filter>
    </ClCompile>
    <ClCompile Include="Save\WriteVersion_2_0.cpp">
      <Filter>Source Files</Filter>
    </ClCompile>
    <ClCompile Include="Save\WriteVersion_2_1.cpp">
      <Filter>Source Files</Filter>
    </ClCompile>
  </ItemGroup>
  <ItemGroup>
    <ClInclude Include="AssetLib.hpp">
      <Filter>Source Files</Filter>
    </ClInclude>
    <ClInclude Include="ModelStucts.hpp">
      <Filter>Source Files</Filter>
    </ClInclude>
    <ClInclude Include="LoaderHelpers.hpp">
      <Filter>Source Files</Filter>
    </ClInclude>
    <ClInclude Include="CustomMesh\MeshFormat.hpp">
      <Filter>Source Files\CustomMesh</Filter>
    </ClInclude>
    <ClInclude Include="Collada\ColladaLoader.hpp">
      <Filter>Source Files\Collada</Filter>
    </ClInclude>
    <ClInclude Include="Save\WriteVeresion.hpp">
      <Filter>Header Files</Filter>
    </ClInclude>
  </ItemGroup>
</Project>