<?xml version="1.0" encoding="utf-8"?>
<Project ToolsVersion="4.0" xmlns="http://schemas.microsoft.com/developer/msbuild/2003">
  <ItemGroup>
    <Filter Include="Source Files">
      <UniqueIdentifier>{4FC737F1-C7A5-4376-A066-2A32D752A2FF}</UniqueIdentifier>
      <Extensions>cpp;c;cc;cxx;def;odl;idl;hpj;bat;asm;asmx</Extensions>
    </Filter>
    <Filter Include="Header Files">
      <UniqueIdentifier>{93995380-89BD-4b04-88EB-625FBE52EBFB}</UniqueIdentifier>
      <Extensions>h;hh;hpp;hxx;hm;inl;inc;xsd</Extensions>
    </Filter>
    <Filter Include="Resource Files">
      <UniqueIdentifier>{67DA6AB6-F800-4c08-8B7A-83BB121AAD01}</UniqueIdentifier>
      <Extensions>rc;ico;cur;bmp;dlg;rc2;rct;bin;rgs;gif;jpg;jpeg;jpe;resx;tiff;tif;png;wav;mfcribbon-ms</Extensions>
    </Filter>
    <Filter Include="Header Files\DataTypes">
      <UniqueIdentifier>{65891521-e6f4-4f05-a6a1-191360b7e801}</UniqueIdentifier>
    </Filter>
    <Filter Include="Source Files\DataTypes">
      <UniqueIdentifier>{c5a1184d-436f-41cf-826d-6e5a438d87d9}</UniqueIdentifier>
    </Filter>
    <Filter Include="Header Files\Assets">
      <UniqueIdentifier>{10f2d03e-2481-4924-a86d-b8b21d0bd393}</UniqueIdentifier>
    </Filter>
    <Filter Include="Source Files\Assets">
      <UniqueIdentifier>{15bc1e4d-d44f-45ff-abed-b7ff1cc44f59}</UniqueIdentifier>
    </Filter>
    <Filter Include="Header Files\Interface">
      <UniqueIdentifier>{a15a91ec-5824-4dd3-b9d8-0e5ba966e61c}</UniqueIdentifier>
    </Filter>
    <Filter Include="Header Files\Utils">
      <UniqueIdentifier>{8b91fa85-62de-4bae-b03f-352970fb086b}</UniqueIdentifier>
    </Filter>
    <Filter Include="Source Files\Utils">
      <UniqueIdentifier>{1f458b17-9b6c-423a-b319-584c6b817441}</UniqueIdentifier>
    </Filter>
    <Filter Include="Header Files\Window">
      <UniqueIdentifier>{080cb3b0-151f-44a4-bac1-dd55890036d7}</UniqueIdentifier>
    </Filter>
    <Filter Include="Source Files\Window">
      <UniqueIdentifier>{88cafc09-a194-4bfc-8e03-9e7b51ba1dbd}</UniqueIdentifier>
    </Filter>
  </ItemGroup>
  <ItemGroup>
    <ClInclude Include="RenderEngine.hpp">
      <Filter>Header Files</Filter>
    </ClInclude>
    <ClInclude Include="DataTypes\Colors.hpp">
      <Filter>Header Files\DataTypes</Filter>
    </ClInclude>
    <ClInclude Include="Camera.hpp">
      <Filter>Header Files</Filter>
    </ClInclude>
    <ClInclude Include="Shader.h">
      <Filter>Header Files</Filter>
    </ClInclude>
    <ClInclude Include="IRenderEngine.hpp">
      <Filter>Header Files\Interface</Filter>
    </ClInclude>
    <ClInclude Include="DataTypes\Vertex.hpp">
      <Filter>Header Files\DataTypes</Filter>
    </ClInclude>
    <ClInclude Include="Assets\Mesh.hpp">
      <Filter>Header Files\Assets</Filter>
    </ClInclude>
    <ClInclude Include="IMesh.hpp">
      <Filter>Header Files\Interface</Filter>
    </ClInclude>
    <ClInclude Include="Assets\Texture.hpp">
      <Filter>Header Files\Assets</Filter>
    </ClInclude>
    <ClInclude Include="Assets\AnimatedMesh.hpp">
      <Filter>Header Files\Assets</Filter>
    </ClInclude>
    <ClInclude Include="IAnimatedMesh.hpp">
      <Filter>Header Files\Interface</Filter>
    </ClInclude>
    <ClInclude Include="Assets\Font.hpp">
      <Filter>Header Files\Assets</Filter>
    </ClInclude>
    <ClInclude Include="IFont.hpp">
      <Filter>Header Files\Interface</Filter>
    </ClInclude>
    <ClInclude Include="Utils\ShelfPack.hpp">
      <Filter>Header Files\Utils</Filter>
    </ClInclude>
    <ClInclude Include="Utils\FrameAllocator_static.hpp">
      <Filter>Header Files\Utils</Filter>
    </ClInclude>
    <ClInclude Include="Utils\MemoryManager.hpp">
      <Filter>Header Files\Utils</Filter>
    </ClInclude>
    <ClInclude Include="DataTypes\Image.hpp">
      <Filter>Header Files\DataTypes</Filter>
    </ClInclude>
    <ClInclude Include="ITexture.hpp">
      <Filter>Header Files\Interface</Filter>
    </ClInclude>
    <ClInclude Include="ShaderState.hpp">
      <Filter>Header Files</Filter>
    </ClInclude>
    <ClInclude Include="ICamera.hpp">
      <Filter>Header Files\Interface</Filter>
    </ClInclude>
    <ClInclude Include="Assets\Material.hpp">
      <Filter>Header Files\Assets</Filter>
    </ClInclude>
    <ClInclude Include="Assets\ShaderObject.hpp">
      <Filter>Header Files\Assets</Filter>
    </ClInclude>
    <ClInclude Include="IShaderObject.hpp">
      <Filter>Header Files\Interface</Filter>
    </ClInclude>
    <ClInclude Include="Assets\FrameBuffer.hpp">
      <Filter>Header Files\Assets</Filter>
    </ClInclude>
    <ClInclude Include="IFrameBuffer.hpp">
      <Filter>Header Files\Interface</Filter>
    </ClInclude>
    <ClInclude Include="IMaterial.hpp">
      <Filter>Header Files\Interface</Filter>
    </ClInclude>
    <ClInclude Include="IWindow.hpp">
      <Filter>Header Files\Interface</Filter>
    </ClInclude>
    <ClInclude Include="Window\Window.hpp">
      <Filter>Header Files\Window</Filter>
    </ClInclude>
    <ClInclude Include="Window\WindowSystem.hpp">
      <Filter>Header Files\Window</Filter>
    </ClInclude>
  </ItemGroup>
  <ItemGroup>
    <ClCompile Include="RenderEngine.cpp">
      <Filter>Source Files</Filter>
    </ClCompile>
    <ClCompile Include="DataTypes\Colors.cpp">
      <Filter>Source Files\DataTypes</Filter>
    </ClCompile>
    <ClCompile Include="Camera.cpp">
      <Filter>Source Files</Filter>
    </ClCompile>
    <ClCompile Include="DataTypes\Vertex.cpp">
      <Filter>Source Files\DataTypes</Filter>
    </ClCompile>
    <ClCompile Include="Assets\Mesh.cpp">
      <Filter>Source Files\Assets</Filter>
    </ClCompile>
    <ClCompile Include="Assets\Texture.cpp">
      <Filter>Source Files\Assets</Filter>
    </ClCompile>
    <ClCompile Include="Assets\AnimatedMesh.cpp">
      <Filter>Source Files\Assets</Filter>
    </ClCompile>
    <ClCompile Include="Assets\Font.cpp">
      <Filter>Source Files\Assets</Filter>
    </ClCompile>
    <ClCompile Include="Utils\ShelfPack.cpp">
      <Filter>Source Files\Utils</Filter>
    </ClCompile>
    <ClCompile Include="Utils\FrameAllocator_static.cpp">
      <Filter>Source Files\Utils</Filter>
    </ClCompile>
    <ClCompile Include="Utils\MemoryManager.cpp">
      <Filter>Source Files\Utils</Filter>
    </ClCompile>
    <ClCompile Include="DataTypes\Image.cpp">
      <Filter>Source Files\DataTypes</Filter>
    </ClCompile>
    <ClCompile Include="ShaderState.cpp">
      <Filter>Source Files</Filter>
    </ClCompile>
    <ClCompile Include="Assets\FrameBuffer.cpp">
      <Filter>Source Files\Assets</Filter>
    </ClCompile>
    <ClCompile Include="Assets\Material.cpp">
      <Filter>Source Files\Assets</Filter>
    </ClCompile>
    <ClCompile Include="Assets\ShaderObject.cpp">
      <Filter>Source Files\Assets</Filter>
    </ClCompile>
    <ClCompile Include="Window\Win32Window.cpp">
      <Filter>Source Files\Window</Filter>
    </ClCompile>
    <ClCompile Include="Window\Window.cpp">
      <Filter>Source Files\Window</Filter>
    </ClCompile>
  </ItemGroup>
</Project>