<?xml version="1.0" encoding="utf-8"?>
<Project ToolsVersion="4.0" xmlns="http://schemas.microsoft.com/developer/msbuild/2003">
  <ItemGroup>
    <Filter Include="Source Files">
      <UniqueIdentifier>{4FC737F1-C7A5-4376-A066-2A32D752A2FF}</UniqueIdentifier>
      <Extensions>cpp;c;cc;cxx;def;odl;idl;hpj;bat;asm;asmx</Extensions>
    </Filter>
    <Filter Include="Header Files">
      <UniqueIdentifier>{93995380-89BD-4b04-88EB-625FBE52EBFB}</UniqueIdentifier>
      <Extensions>h;hh;hpp;hxx;hm;inl;inc;xsd</Extensions>
    </Filter>
    <Filter Include="Resource Files">
      <UniqueIdentifier>{67DA6AB6-F800-4c08-8B7A-83BB121AAD01}</UniqueIdentifier>
      <Extensions>rc;ico;cur;bmp;dlg;rc2;rct;bin;rgs;gif;jpg;jpeg;jpe;resx;tiff;tif;png;wav;mfcribbon-ms</Extensions>
    </Filter>
    <Filter Include="Source Files\DataTypes">
      <UniqueIdentifier>{c5a1184d-436f-41cf-826d-6e5a438d87d9}</UniqueIdentifier>
    </Filter>
    <Filter Include="Source Files\Assets">
      <UniqueIdentifier>{15bc1e4d-d44f-45ff-abed-b7ff1cc44f59}</UniqueIdentifier>
    </Filter>
    <Filter Include="Source Files\Utils">
      <UniqueIdentifier>{1f458b17-9b6c-423a-b319-584c6b817441}</UniqueIdentifier>
    </Filter>
    <Filter Include="Source Files\Window">
      <UniqueIdentifier>{88cafc09-a194-4bfc-8e03-9e7b51ba1dbd}</UniqueIdentifier>
    </Filter>
    <Filter Include="Source Files\Interface">
      <UniqueIdentifier>{a15a91ec-5824-4dd3-b9d8-0e5ba966e61c}</UniqueIdentifier>
    </Filter>
  </ItemGroup>
  <ItemGroup>
    <ClInclude Include="IRenderEngine.hpp">
      <Filter>Source Files\Interface</Filter>
    </ClInclude>
    <ClInclude Include="IMesh.hpp">
      <Filter>Source Files\Interface</Filter>
    </ClInclude>
    <ClInclude Include="IAnimatedMesh.hpp">
      <Filter>Source Files\Interface</Filter>
    </ClInclude>
    <ClInclude Include="IFont.hpp">
      <Filter>Source Files\Interface</Filter>
    </ClInclude>
    <ClInclude Include="ITexture.hpp">
      <Filter>Source Files\Interface</Filter>
    </ClInclude>
    <ClInclude Include="IShaderObject.hpp">
      <Filter>Source Files\Interface</Filter>
    </ClInclude>
    <ClInclude Include="IFrameBuffer.hpp">
      <Filter>Source Files\Interface</Filter>
    </ClInclude>
    <ClInclude Include="IMaterial.hpp">
      <Filter>Source Files\Interface</Filter>
    </ClInclude>
    <ClInclude Include="IWindow.hpp">
      <Filter>Source Files\Interface</Filter>
    </ClInclude>
    <ClInclude Include="BuildOptions.hpp">
      <Filter>Source Files</Filter>
    </ClInclude>
    <ClInclude Include="RenderEngine.hpp">
      <Filter>Source Files</Filter>
    </ClInclude>
    <ClInclude Include="Shader.h">
      <Filter>Source Files</Filter>
    </ClInclude>
    <ClInclude Include="Window\WindowSystem.hpp">
      <Filter>Source Files\Window</Filter>
    </ClInclude>
    <ClInclude Include="Window\VulkanWindowHelper.hpp">
      <Filter>Source Files\Window</Filter>
    </ClInclude>
    <ClInclude Include="Window\Window.hpp">
      <Filter>Source Files\Window</Filter>
    </ClInclude>
    <ClInclude Include="Utils\ShelfPack.hpp">
      <Filter>Source Files\Utils</Filter>
    </ClInclude>
    <ClInclude Include="DataTypes\Colors.hpp">
      <Filter>Source Files\DataTypes</Filter>
    </ClInclude>
    <ClInclude Include="DataTypes\Image.hpp">
      <Filter>Source Files\DataTypes</Filter>
    </ClInclude>
    <ClInclude Include="DataTypes\Vertex.hpp">
      <Filter>Source Files\DataTypes</Filter>
    </ClInclude>
    <ClInclude Include="Assets\AnimatedMesh_gl.hpp">
      <Filter>Source Files\Assets</Filter>
    </ClInclude>
    <ClInclude Include="Assets\Font_gl.hpp">
      <Filter>Source Files\Assets</Filter>
    </ClInclude>
    <ClInclude Include="Assets\FrameBuffer_gl.hpp">
      <Filter>Source Files\Assets</Filter>
    </ClInclude>
    <ClInclude Include="Assets\Material_gl.hpp">
      <Filter>Source Files\Assets</Filter>
    </ClInclude>
    <ClInclude Include="Assets\Mesh_gl.hpp">
      <Filter>Source Files\Assets</Filter>
    </ClInclude>
    <ClInclude Include="Assets\Mesh_vk.hpp">
      <Filter>Source Files\Assets</Filter>
    </ClInclude>
    <ClInclude Include="Assets\ShaderObject_gl.hpp">
      <Filter>Source Files\Assets</Filter>
    </ClInclude>
    <ClInclude Include="Assets\Texture_gl.hpp">
      <Filter>Source Files\Assets</Filter>
    </ClInclude>
    <ClInclude Include="Window\InputHandling.hpp">
      <Filter>Source Files\Window</Filter>
    </ClInclude>
    <ClInclude Include="Window\InputHelper.hpp">
      <Filter>Source Files\Window</Filter>
    </ClInclude>
  </ItemGroup>
  <ItemGroup>
    <ClCompile Include="RenderEngine.cpp">
      <Filter>Source Files</Filter>
    </ClCompile>
    <ClCompile Include="DataTypes\Colors.cpp">
      <Filter>Source Files\DataTypes</Filter>
    </ClCompile>
    <ClCompile Include="DataTypes\Vertex.cpp">
      <Filter>Source Files\DataTypes</Filter>
    </ClCompile>
    <ClCompile Include="Utils\ShelfPack.cpp">
      <Filter>Source Files\Utils</Filter>
    </ClCompile>
    <ClCompile Include="DataTypes\Image.cpp">
      <Filter>Source Files\DataTypes</Filter>
    </ClCompile>
    <ClCompile Include="Window\Win32Window.cpp">
      <Filter>Source Files\Window</Filter>
    </ClCompile>
    <ClCompile Include="Window\Window.cpp">
      <Filter>Source Files\Window</Filter>
    </ClCompile>
    <ClCompile Include="Assets\AnimatedMesh_gl.cpp">
      <Filter>Source Files\Assets</Filter>
    </ClCompile>
    <ClCompile Include="Assets\Font_gl.cpp">
      <Filter>Source Files\Assets</Filter>
    </ClCompile>
    <ClCompile Include="Assets\FrameBuffer_gl.cpp">
      <Filter>Source Files\Assets</Filter>
    </ClCompile>
    <ClCompile Include="Assets\Material_gl.cpp">
      <Filter>Source Files\Assets</Filter>
    </ClCompile>
    <ClCompile Include="Assets\Mesh_gl.cpp">
      <Filter>Source Files\Assets</Filter>
    </ClCompile>
    <ClCompile Include="Assets\ShaderObject_gl.cpp">
      <Filter>Source Files\Assets</Filter>
    </ClCompile>
    <ClCompile Include="Assets\Texture_gl.cpp">
      <Filter>Source Files\Assets</Filter>
    </ClCompile>
    <ClCompile Include="Window\VulkanWindowHelper.cpp">
      <Filter>Source Files\Window</Filter>
    </ClCompile>
    <ClCompile Include="Window\VKWindow.cpp">
      <Filter>Source Files\Window</Filter>
    </ClCompile>
    <ClCompile Include="Assets\Mesh_vk.cpp">
      <Filter>Source Files\Assets</Filter>
    </ClCompile>
    <ClCompile Include="Window\InputHandling.cpp">
      <Filter>Source Files\Window</Filter>
    </ClCompile>
    <ClCompile Include="Window\InputHelper.cpp">
      <Filter>Source Files\Window</Filter>
    </ClCompile>
  </ItemGroup>
</Project>