
Microsoft Visual Studio Solution File, Format Version 12.00
# Visual Studio 15
VisualStudioVersion = 15.0.27130.2036
MinimumVisualStudioVersion = 10.0.40219.1
Project("{8BC9CEB8-8B4A-11D0-8D11-00A0C91BC942}") = "GameProject", "GameProject\GameProject.vcxproj", "{10C07DBD-0327-490F-BF78-9134BE3B59FB}"
	ProjectSection(ProjectDependencies) = postProject
		{43BCD417-67D4-4DCE-9A57-D098220CA4DE} = {43BCD417-67D4-4DCE-9A57-D098220CA4DE}
		{1875FA21-A2AF-4CCB-A9F2-A898E2288B94} = {1875FA21-A2AF-4CCB-A9F2-A898E2288B94}
		{D8E90A23-ACD7-49B9-94A0-105D2CC11438} = {D8E90A23-ACD7-49B9-94A0-105D2CC11438}
		{906CE184-42FC-43F7-A31F-4612E36F3DAC} = {906CE184-42FC-43F7-A31F-4612E36F3DAC}
		{BFA22FFD-6C34-41F9-9D49-7004D1B7AFC1} = {BFA22FFD-6C34-41F9-9D49-7004D1B7AFC1}
	EndProjectSection
EndProject
Project("{8BC9CEB8-8B4A-11D0-8D11-00A0C91BC942}") = "RenderEngine", "RenderEngine\RenderEngine.vcxproj", "{1875FA21-A2AF-4CCB-A9F2-A898E2288B94}"
EndProject
Project("{8BC9CEB8-8B4A-11D0-8D11-00A0C91BC942}") = "Config", "Config\Config.vcxproj", "{BFA22FFD-6C34-41F9-9D49-7004D1B7AFC1}"
EndProject
Project("{8BC9CEB8-8B4A-11D0-8D11-00A0C91BC942}") = "Allocators", "Allocators\Allocators.vcxproj", "{6476E60A-9EE6-4873-8782-BA9F0F4EFDFC}"
EndProject
Project("{8BC9CEB8-8B4A-11D0-8D11-00A0C91BC942}") = "AssetLib", "AssetLib\AssetLib.vcxproj", "{43BCD417-67D4-4DCE-9A57-D098220CA4DE}"
EndProject
Project("{8BC9CEB8-8B4A-11D0-8D11-00A0C91BC942}") = "Editor_Wrapper", "Editor_Wrapper\Editor_Wrapper.vcxproj", "{D8E90A23-ACD7-49B9-94A0-105D2CC11438}"
EndProject
Project("{FAE04EC0-301F-11D3-BF4B-00C04F79EFBC}") = "Editor", "Editor\Editor.csproj", "{DA006573-7035-4E70-9477-A882077F3504}"
EndProject
Project("{2150E333-8FDC-42A3-9474-1A3956D46DE8}") = "Project", "Project", "{E47A5C53-8DA7-46AF-8247-4AE0B96E4D51}"
EndProject
Project("{8BC9CEB8-8B4A-11D0-8D11-00A0C91BC942}") = "PhysicsEngine", "PhysicsEngine\PhysicsEngine.vcxproj", "{906CE184-42FC-43F7-A31F-4612E36F3DAC}"
EndProject
Project("{8BC9CEB8-8B4A-11D0-8D11-00A0C91BC942}") = "Tests", "Tests\Tests.vcxproj", "{0EE0E4C7-6337-4E4C-9200-8B44B8E298BE}"
EndProject
Global
	GlobalSection(SolutionConfigurationPlatforms) = preSolution
		Debug|x64 = Debug|x64
		Debug|x86 = Debug|x86
		Release|x64 = Release|x64
		Release|x86 = Release|x86
	EndGlobalSection
	GlobalSection(ProjectConfigurationPlatforms) = postSolution
		{10C07DBD-0327-490F-BF78-9134BE3B59FB}.Debug|x64.ActiveCfg = Debug|x64
		{10C07DBD-0327-490F-BF78-9134BE3B59FB}.Debug|x64.Build.0 = Debug|x64
		{10C07DBD-0327-490F-BF78-9134BE3B59FB}.Debug|x86.ActiveCfg = Debug|Win32
		{10C07DBD-0327-490F-BF78-9134BE3B59FB}.Debug|x86.Build.0 = Debug|Win32
		{10C07DBD-0327-490F-BF78-9134BE3B59FB}.Release|x64.ActiveCfg = Release|x64
		{10C07DBD-0327-490F-BF78-9134BE3B59FB}.Release|x64.Build.0 = Release|x64
		{10C07DBD-0327-490F-BF78-9134BE3B59FB}.Release|x86.ActiveCfg = Release|Win32
		{10C07DBD-0327-490F-BF78-9134BE3B59FB}.Release|x86.Build.0 = Release|Win32
		{1875FA21-A2AF-4CCB-A9F2-A898E2288B94}.Debug|x64.ActiveCfg = Debug|x64
		{1875FA21-A2AF-4CCB-A9F2-A898E2288B94}.Debug|x64.Build.0 = Debug|x64
		{1875FA21-A2AF-4CCB-A9F2-A898E2288B94}.Debug|x86.ActiveCfg = Debug|Win32
		{1875FA21-A2AF-4CCB-A9F2-A898E2288B94}.Debug|x86.Build.0 = Debug|Win32
		{1875FA21-A2AF-4CCB-A9F2-A898E2288B94}.Release|x64.ActiveCfg = Release|x64
		{1875FA21-A2AF-4CCB-A9F2-A898E2288B94}.Release|x64.Build.0 = Release|x64
		{1875FA21-A2AF-4CCB-A9F2-A898E2288B94}.Release|x86.ActiveCfg = Release|Win32
		{1875FA21-A2AF-4CCB-A9F2-A898E2288B94}.Release|x86.Build.0 = Release|Win32
		{BFA22FFD-6C34-41F9-9D49-7004D1B7AFC1}.Debug|x64.ActiveCfg = Debug|x64
		{BFA22FFD-6C34-41F9-9D49-7004D1B7AFC1}.Debug|x64.Build.0 = Debug|x64
		{BFA22FFD-6C34-41F9-9D49-7004D1B7AFC1}.Debug|x86.ActiveCfg = Debug|Win32
		{BFA22FFD-6C34-41F9-9D49-7004D1B7AFC1}.Debug|x86.Build.0 = Debug|Win32
		{BFA22FFD-6C34-41F9-9D49-7004D1B7AFC1}.Release|x64.ActiveCfg = Release|x64
		{BFA22FFD-6C34-41F9-9D49-7004D1B7AFC1}.Release|x64.Build.0 = Release|x64
		{BFA22FFD-6C34-41F9-9D49-7004D1B7AFC1}.Release|x86.ActiveCfg = Release|Win32
		{BFA22FFD-6C34-41F9-9D49-7004D1B7AFC1}.Release|x86.Build.0 = Release|Win32
		{6476E60A-9EE6-4873-8782-BA9F0F4EFDFC}.Debug|x64.ActiveCfg = Debug|x64
		{6476E60A-9EE6-4873-8782-BA9F0F4EFDFC}.Debug|x86.ActiveCfg = Debug|Win32
		{6476E60A-9EE6-4873-8782-BA9F0F4EFDFC}.Release|x64.ActiveCfg = Release|x64
		{6476E60A-9EE6-4873-8782-BA9F0F4EFDFC}.Release|x86.ActiveCfg = Release|Win32
		{43BCD417-67D4-4DCE-9A57-D098220CA4DE}.Debug|x64.ActiveCfg = Debug|x64
		{43BCD417-67D4-4DCE-9A57-D098220CA4DE}.Debug|x64.Build.0 = Debug|x64
		{43BCD417-67D4-4DCE-9A57-D098220CA4DE}.Debug|x86.ActiveCfg = Debug|Win32
		{43BCD417-67D4-4DCE-9A57-D098220CA4DE}.Debug|x86.Build.0 = Debug|Win32
		{43BCD417-67D4-4DCE-9A57-D098220CA4DE}.Release|x64.ActiveCfg = Release|x64
		{43BCD417-67D4-4DCE-9A57-D098220CA4DE}.Release|x64.Build.0 = Release|x64
		{43BCD417-67D4-4DCE-9A57-D098220CA4DE}.Release|x86.ActiveCfg = Release|Win32
		{43BCD417-67D4-4DCE-9A57-D098220CA4DE}.Release|x86.Build.0 = Release|Win32
		{D8E90A23-ACD7-49B9-94A0-105D2CC11438}.Debug|x64.ActiveCfg = Debug|x64
		{D8E90A23-ACD7-49B9-94A0-105D2CC11438}.Debug|x64.Build.0 = Debug|x64
		{D8E90A23-ACD7-49B9-94A0-105D2CC11438}.Debug|x86.ActiveCfg = Debug|Win32
		{D8E90A23-ACD7-49B9-94A0-105D2CC11438}.Debug|x86.Build.0 = Debug|Win32
		{D8E90A23-ACD7-49B9-94A0-105D2CC11438}.Release|x64.ActiveCfg = Release|x64
		{D8E90A23-ACD7-49B9-94A0-105D2CC11438}.Release|x64.Build.0 = Release|x64
		{D8E90A23-ACD7-49B9-94A0-105D2CC11438}.Release|x86.ActiveCfg = Release|Win32
		{D8E90A23-ACD7-49B9-94A0-105D2CC11438}.Release|x86.Build.0 = Release|Win32
		{DA006573-7035-4E70-9477-A882077F3504}.Debug|x64.ActiveCfg = Debug|x64
		{DA006573-7035-4E70-9477-A882077F3504}.Debug|x64.Build.0 = Debug|x64
		{DA006573-7035-4E70-9477-A882077F3504}.Debug|x86.ActiveCfg = Debug|x86
		{DA006573-7035-4E70-9477-A882077F3504}.Debug|x86.Build.0 = Debug|x86
		{DA006573-7035-4E70-9477-A882077F3504}.Release|x64.ActiveCfg = Release|x64
		{DA006573-7035-4E70-9477-A882077F3504}.Release|x64.Build.0 = Release|x64
		{DA006573-7035-4E70-9477-A882077F3504}.Release|x86.ActiveCfg = Release|x86
		{DA006573-7035-4E70-9477-A882077F3504}.Release|x86.Build.0 = Release|x86
		{906CE184-42FC-43F7-A31F-4612E36F3DAC}.Debug|x64.ActiveCfg = Debug|x64
		{906CE184-42FC-43F7-A31F-4612E36F3DAC}.Debug|x64.Build.0 = Debug|x64
		{906CE184-42FC-43F7-A31F-4612E36F3DAC}.Debug|x86.ActiveCfg = Debug|Win32
		{906CE184-42FC-43F7-A31F-4612E36F3DAC}.Debug|x86.Build.0 = Debug|Win32
		{906CE184-42FC-43F7-A31F-4612E36F3DAC}.Release|x64.ActiveCfg = Release|x64
		{906CE184-42FC-43F7-A31F-4612E36F3DAC}.Release|x64.Build.0 = Release|x64
		{906CE184-42FC-43F7-A31F-4612E36F3DAC}.Release|x86.ActiveCfg = Release|Win32
		{906CE184-42FC-43F7-A31F-4612E36F3DAC}.Release|x86.Build.0 = Release|Win32
		{0EE0E4C7-6337-4E4C-9200-8B44B8E298BE}.Debug|x64.ActiveCfg = Debug|x64
		{0EE0E4C7-6337-4E4C-9200-8B44B8E298BE}.Debug|x64.Build.0 = Debug|x64
		{0EE0E4C7-6337-4E4C-9200-8B44B8E298BE}.Debug|x86.ActiveCfg = Debug|Win32
		{0EE0E4C7-6337-4E4C-9200-8B44B8E298BE}.Debug|x86.Build.0 = Debug|Win32
		{0EE0E4C7-6337-4E4C-9200-8B44B8E298BE}.Release|x64.ActiveCfg = Release|x64
		{0EE0E4C7-6337-4E4C-9200-8B44B8E298BE}.Release|x64.Build.0 = Release|x64
		{0EE0E4C7-6337-4E4C-9200-8B44B8E298BE}.Release|x86.ActiveCfg = Release|Win32
		{0EE0E4C7-6337-4E4C-9200-8B44B8E298BE}.Release|x86.Build.0 = Release|Win32
	EndGlobalSection
	GlobalSection(SolutionProperties) = preSolution
		HideSolutionNode = FALSE
	EndGlobalSection
	GlobalSection(NestedProjects) = preSolution
		{10C07DBD-0327-490F-BF78-9134BE3B59FB} = {E47A5C53-8DA7-46AF-8247-4AE0B96E4D51}
		{1875FA21-A2AF-4CCB-A9F2-A898E2288B94} = {E47A5C53-8DA7-46AF-8247-4AE0B96E4D51}
		{BFA22FFD-6C34-41F9-9D49-7004D1B7AFC1} = {E47A5C53-8DA7-46AF-8247-4AE0B96E4D51}
		{6476E60A-9EE6-4873-8782-BA9F0F4EFDFC} = {E47A5C53-8DA7-46AF-8247-4AE0B96E4D51}
		{43BCD417-67D4-4DCE-9A57-D098220CA4DE} = {E47A5C53-8DA7-46AF-8247-4AE0B96E4D51}
		{D8E90A23-ACD7-49B9-94A0-105D2CC11438} = {E47A5C53-8DA7-46AF-8247-4AE0B96E4D51}
		{DA006573-7035-4E70-9477-A882077F3504} = {E47A5C53-8DA7-46AF-8247-4AE0B96E4D51}
		{906CE184-42FC-43F7-A31F-4612E36F3DAC} = {E47A5C53-8DA7-46AF-8247-4AE0B96E4D51}
	EndGlobalSection
	GlobalSection(ExtensibilityGlobals) = postSolution
		SolutionGuid = {2DAEF0A2-9224-4D19-ADC4-7E24F05E46EE}
	EndGlobalSection
EndGlobal
