<?xml version="1.0" encoding="utf-8"?>
<Project ToolsVersion="4.0" xmlns="http://schemas.microsoft.com/developer/msbuild/2003">
  <ItemGroup>
    <Filter Include="Source Files">
      <UniqueIdentifier>{4FC737F1-C7A5-4376-A066-2A32D752A2FF}</UniqueIdentifier>
      <Extensions>cpp;c;cc;cxx;def;odl;idl;hpj;bat;asm;asmx</Extensions>
    </Filter>
    <Filter Include="Header Files">
      <UniqueIdentifier>{93995380-89BD-4b04-88EB-625FBE52EBFB}</UniqueIdentifier>
      <Extensions>h;hh;hpp;hxx;hm;inl;inc;xsd</Extensions>
    </Filter>
    <Filter Include="Resource Files">
      <UniqueIdentifier>{67DA6AB6-F800-4c08-8B7A-83BB121AAD01}</UniqueIdentifier>
      <Extensions>rc;ico;cur;bmp;dlg;rc2;rct;bin;rgs;gif;jpg;jpeg;jpe;resx;tiff;tif;png;wav;mfcribbon-ms</Extensions>
    </Filter>
    <Filter Include="Resource Files\Blender Plugin">
      <UniqueIdentifier>{789ea372-928d-4380-868d-d4a6fdd2cfe0}</UniqueIdentifier>
    </Filter>
    <Filter Include="Source Files\Engine">
      <UniqueIdentifier>{e66368e2-5048-4b11-be48-75768ae9c555}</UniqueIdentifier>
    </Filter>
    <Filter Include="Source Files\Engine\Physics">
      <UniqueIdentifier>{0d7c247c-678f-4ba0-ae68-f43205996487}</UniqueIdentifier>
    </Filter>
    <Filter Include="Source Files\Engine\Utils">
      <UniqueIdentifier>{d7d7472b-1d40-4e6d-b635-e2e1056428c1}</UniqueIdentifier>
    </Filter>
    <Filter Include="Source Files\Engine\Graphics">
      <UniqueIdentifier>{48751e18-a3c0-4251-9158-f1242da52c50}</UniqueIdentifier>
    </Filter>
    <Filter Include="Source Files\Engine\Input">
      <UniqueIdentifier>{e99384eb-900c-4ba7-b1d2-0d69e788dc3d}</UniqueIdentifier>
    </Filter>
    <Filter Include="Source Files\Engine\Core">
      <UniqueIdentifier>{c8cb8fa6-44cf-4b6e-b3db-41c2d0b41bef}</UniqueIdentifier>
    </Filter>
    <Filter Include="Source Files\Engine\Interfaces">
      <UniqueIdentifier>{178fe559-e422-481e-9e3a-d511b04ec35b}</UniqueIdentifier>
    </Filter>
    <Filter Include="Source Files\Engine\Graphics\Gui">
      <UniqueIdentifier>{48b58686-e52c-4ff1-9365-df4c5e86e331}</UniqueIdentifier>
    </Filter>
    <Filter Include="Source Files\Engine\Graphics\Texture">
      <UniqueIdentifier>{0fd3e9c6-7083-480f-926f-b2fc7cb21cfe}</UniqueIdentifier>
    </Filter>
    <Filter Include="Source Files\Game">
      <UniqueIdentifier>{74df1da8-e5ce-483f-b6db-44873280d7fb}</UniqueIdentifier>
    </Filter>
    <Filter Include="Source Files\Engine\Graphics\Mesh">
      <UniqueIdentifier>{2c5ccf25-eefc-4911-b616-732a0306ca41}</UniqueIdentifier>
    </Filter>
  </ItemGroup>
  <ItemGroup>
    <ClCompile Include="Main.cpp">
      <Filter>Source Files</Filter>
    </ClCompile>
    <ClCompile Include="ExceptionHandling.cpp">
      <Filter>Source Files</Filter>
    </ClCompile>
    <ClCompile Include="Engine\Utils\MemoryBuffer.cpp">
      <Filter>Source Files\Engine\Utils</Filter>
    </ClCompile>
    <ClCompile Include="Engine\Engine.cpp">
      <Filter>Source Files\Engine</Filter>
    </ClCompile>
    <ClCompile Include="Engine\Input\Input.cpp">
      <Filter>Source Files\Engine\Input</Filter>
    </ClCompile>
    <ClCompile Include="Engine\Core\Camera.cpp">
      <Filter>Source Files\Engine\Core</Filter>
    </ClCompile>
    <ClCompile Include="Engine\Core\LibraryLoader.cpp">
      <Filter>Source Files\Engine\Core</Filter>
    </ClCompile>
    <ClCompile Include="Engine\Core\System.cpp">
      <Filter>Source Files\Engine\Core</Filter>
    </ClCompile>
    <ClCompile Include="Engine\Core\Console.cpp">
      <Filter>Source Files\Engine\Core</Filter>
    </ClCompile>
    <ClCompile Include="Engine\Graphics\Gui\Panel.cpp">
      <Filter>Source Files\Engine\Graphics\Gui</Filter>
    </ClCompile>
    <ClCompile Include="Engine\Graphics\Gui\ScrollArea.cpp">
      <Filter>Source Files\Engine\Graphics\Gui</Filter>
    </ClCompile>
    <ClCompile Include="Engine\Graphics\Gui\TextArea.cpp">
      <Filter>Source Files\Engine\Graphics\Gui</Filter>
    </ClCompile>
    <ClCompile Include="Engine\Graphics\Gui\Tree.cpp">
      <Filter>Source Files\Engine\Graphics\Gui</Filter>
    </ClCompile>
    <ClCompile Include="Engine\Graphics\Gui\ComboBox.cpp">
      <Filter>Source Files\Engine\Graphics\Gui</Filter>
    </ClCompile>
    <ClCompile Include="Engine\Graphics\Gui\Curor.cpp">
      <Filter>Source Files\Engine\Graphics\Gui</Filter>
    </ClCompile>
    <ClCompile Include="Engine\Graphics\Gui\Label.cpp">
      <Filter>Source Files\Engine\Graphics\Gui</Filter>
    </ClCompile>
    <ClCompile Include="Engine\Graphics\Gui\List.cpp">
      <Filter>Source Files\Engine\Graphics\Gui</Filter>
    </ClCompile>
    <ClCompile Include="Engine\Graphics\Gui\Button.cpp">
      <Filter>Source Files\Engine\Graphics\Gui</Filter>
    </ClCompile>
    <ClCompile Include="Engine\Physics\PhysicsEngine.cpp">
      <Filter>Source Files\Engine\Physics</Filter>
    </ClCompile>
    <ClCompile Include="Engine\Graphics\GuiItem.cpp">
      <Filter>Source Files\Engine\Graphics</Filter>
    </ClCompile>
    <ClCompile Include="Engine\Graphics\Gui.cpp">
      <Filter>Source Files\Engine\Graphics</Filter>
    </ClCompile>
    <ClCompile Include="Engine\Graphics\Graphics.cpp">
      <Filter>Source Files\Engine\Graphics</Filter>
    </ClCompile>
    <ClCompile Include="Engine\Graphics\Textures\Texture2D.cpp">
      <Filter>Source Files\Engine\Graphics\Texture</Filter>
    </ClCompile>
    <ClCompile Include="Engine\Core\String.cpp">
      <Filter>Source Files\Engine\Core</Filter>
    </ClCompile>
    <ClCompile Include="Engine\Graphics\Gui\Text.cpp">
      <Filter>Source Files\Engine\Graphics\Gui</Filter>
    </ClCompile>
    <ClCompile Include="Engine\Graphics\Gui\ProgressBar.cpp">
      <Filter>Source Files\Engine\Graphics\Gui</Filter>
    </ClCompile>
    <ClCompile Include="Game\Game.cpp">
      <Filter>Source Files\Game</Filter>
    </ClCompile>
    <ClCompile Include="Engine\Core\FormattedString.cpp">
      <Filter>Source Files\Engine\Core</Filter>
    </ClCompile>
    <ClCompile Include="Engine\Graphics\Gui\ScrollBar.cpp">
      <Filter>Source Files\Engine\Graphics\Gui</Filter>
    </ClCompile>
    <ClCompile Include="Engine\Graphics\Mesh\StaticMesh.cpp">
      <Filter>Source Files\Engine\Graphics\Mesh</Filter>
    </ClCompile>
    <ClCompile Include="Game\CameraInput.cpp">
      <Filter>Source Files\Game</Filter>
    </ClCompile>
    <ClCompile Include="Game\Camera.cpp">
      <Filter>Source Files\Game</Filter>
    </ClCompile>
  </ItemGroup>
  <ItemGroup>
    <ClInclude Include="ExceptionHandling.hpp">
      <Filter>Source Files</Filter>
    </ClInclude>
    <ClInclude Include="Engine\Engine.hpp">
      <Filter>Source Files\Engine</Filter>
    </ClInclude>
    <ClInclude Include="Engine\Utils\MemoryBuffer.hpp">
      <Filter>Source Files\Engine\Utils</Filter>
    </ClInclude>
    <ClInclude Include="Engine\Input\Input.hpp">
      <Filter>Source Files\Engine\Input</Filter>
    </ClInclude>
    <ClInclude Include="Engine\Interfaces\IAssetData.hpp">
      <Filter>Source Files\Engine\Interfaces</Filter>
    </ClInclude>
    <ClInclude Include="Engine\Interfaces\IDataParser.hpp">
      <Filter>Source Files\Engine\Interfaces</Filter>
    </ClInclude>
    <ClInclude Include="Engine\Core\Camera.hpp">
      <Filter>Source Files\Engine\Core</Filter>
    </ClInclude>
    <ClInclude Include="Engine\Interfaces\ICamera.hpp">
      <Filter>Source Files\Engine\Interfaces</Filter>
    </ClInclude>
    <ClInclude Include="Engine\Core\LibraryLoader.hpp">
      <Filter>Source Files\Engine\Core</Filter>
    </ClInclude>
    <ClInclude Include="Engine\Core\System.hpp">
      <Filter>Source Files\Engine\Core</Filter>
    </ClInclude>
    <ClInclude Include="Engine\Core\Console.hpp">
      <Filter>Source Files\Engine\Core</Filter>
    </ClInclude>
    <ClInclude Include="Engine\Graphics\Gui\List.hpp">
      <Filter>Source Files\Engine\Graphics\Gui</Filter>
    </ClInclude>
    <ClInclude Include="Engine\Graphics\Gui\Panel.hpp">
      <Filter>Source Files\Engine\Graphics\Gui</Filter>
    </ClInclude>
    <ClInclude Include="Engine\Graphics\Gui\ScrollArea.hpp">
      <Filter>Source Files\Engine\Graphics\Gui</Filter>
    </ClInclude>
    <ClInclude Include="Engine\Graphics\Gui\TextArea.hpp">
      <Filter>Source Files\Engine\Graphics\Gui</Filter>
    </ClInclude>
    <ClInclude Include="Engine\Graphics\Gui\Tree.hpp">
      <Filter>Source Files\Engine\Graphics\Gui</Filter>
    </ClInclude>
    <ClInclude Include="Engine\Graphics\Gui\Button.hpp">
      <Filter>Source Files\Engine\Graphics\Gui</Filter>
    </ClInclude>
    <ClInclude Include="Engine\Graphics\Gui\ComboBox.hpp">
      <Filter>Source Files\Engine\Graphics\Gui</Filter>
    </ClInclude>
    <ClInclude Include="Engine\Graphics\Gui\Curor.hpp">
      <Filter>Source Files\Engine\Graphics\Gui</Filter>
    </ClInclude>
    <ClInclude Include="Engine\Graphics\Gui\Label.hpp">
      <Filter>Source Files\Engine\Graphics\Gui</Filter>
    </ClInclude>
    <ClInclude Include="Engine\Physics\PhysicsEngine.hpp">
      <Filter>Source Files\Engine\Physics</Filter>
    </ClInclude>
    <ClInclude Include="Engine\Graphics\GuiItem.hpp">
      <Filter>Source Files\Engine\Graphics</Filter>
    </ClInclude>
    <ClInclude Include="Engine\Graphics\Gui.hpp">
      <Filter>Source Files\Engine\Graphics</Filter>
    </ClInclude>
    <ClInclude Include="Engine\Graphics\ShaderContainer.hpp">
      <Filter>Source Files\Engine\Graphics</Filter>
    </ClInclude>
    <ClInclude Include="Engine\Graphics\Graphics.hpp">
      <Filter>Source Files\Engine\Graphics</Filter>
    </ClInclude>
    <ClInclude Include="Engine\Graphics\GuiShaders.hpp">
      <Filter>Source Files\Engine\Graphics</Filter>
    </ClInclude>
    <ClInclude Include="Engine\Graphics\Textures\Texture2D.hpp">
      <Filter>Source Files\Engine\Graphics\Texture</Filter>
    </ClInclude>
    <ClInclude Include="Engine\Core\String.hpp">
      <Filter>Source Files\Engine\Core</Filter>
    </ClInclude>
    <ClInclude Include="Engine\Graphics\Gui\Text.hpp">
      <Filter>Source Files\Engine\Graphics\Gui</Filter>
    </ClInclude>
    <ClInclude Include="Engine\Graphics\Gui\ProgressBar.hpp">
      <Filter>Source Files\Engine\Graphics\Gui</Filter>
    </ClInclude>
    <ClInclude Include="Game\Game.hpp">
      <Filter>Source Files\Game</Filter>
    </ClInclude>
    <ClInclude Include="Engine\Core\FormattedString.hpp">
      <Filter>Source Files\Engine\Core</Filter>
    </ClInclude>
    <ClInclude Include="Engine\Graphics\Gui\ScrollBar.hpp">
      <Filter>Source Files\Engine\Graphics\Gui</Filter>
    </ClInclude>
    <ClInclude Include="Engine\Core\Allocator.hpp">
      <Filter>Source Files\Engine\Core</Filter>
    </ClInclude>
    <ClInclude Include="Engine\Graphics\Mesh\StaticMesh.hpp">
      <Filter>Source Files\Engine\Graphics\Mesh</Filter>
    </ClInclude>
    <ClInclude Include="Game\CameraInput.hpp">
      <Filter>Source Files\Game</Filter>
    </ClInclude>
    <ClInclude Include="Game\Camera.hpp">
      <Filter>Source Files\Game</Filter>
    </ClInclude>
  </ItemGroup>
  <ItemGroup>
    <Text Include="ResourceFiles\Script.txt">
      <Filter>Resource Files</Filter>
    </Text>
    <Text Include="ResourceFiles\States.txt">
      <Filter>Resource Files</Filter>
    </Text>
    <Text Include="ResourceFiles\Todo.txt">
      <Filter>Resource Files</Filter>
    </Text>
    <Text Include="ResourceFiles\CodeStructure.txt">
      <Filter>Resource Files</Filter>
    </Text>
    <Text Include="ResourceFiles\FileStructure.txt">
      <Filter>Resource Files</Filter>
    </Text>
    <Text Include="ResourceFiles\MeshFormat.txt">
      <Filter>Resource Files</Filter>
    </Text>
  </ItemGroup>
  <ItemGroup>
    <None Include="Blender Plugin\__init__.py">
      <Filter>Resource Files\Blender Plugin</Filter>
    </None>
    <None Include="Blender Plugin\export_mesh.py">
      <Filter>Resource Files\Blender Plugin</Filter>
    </None>
    <None Include="Blender Plugin\export_skeleton.py">
      <Filter>Resource Files\Blender Plugin</Filter>
    </None>
    <None Include="Blender Plugin\export_animation.py">
      <Filter>Resource Files\Blender Plugin</Filter>
    </None>
  </ItemGroup>
</Project>